<?xml version="1.0" encoding="UTF-8"?>
<!DOCTYPE plist PUBLIC "-//Apple//DTD PLIST 1.0//EN" "http://www.apple.com/DTDs/PropertyList-1.0.dtd">
<plist version="1.0">
<dict>
	<key>archiveVersion</key>
	<string>1</string>
	<key>classes</key>
	<dict/>
	<key>objectVersion</key>
	<string>46</string>
	<key>objects</key>
	<dict>
		<key>12FC760D7FD05265AF24B051</key>
		<dict>
			<key>children</key>
			<array>
				<string>9B2F7158398F5FADBC644551</string>
				<string>336EFEA28DE2A0415D214E33</string>
			</array>
			<key>isa</key>
			<string>PBXGroup</string>
			<key>name</key>
			<string>Pods</string>
			<key>sourceTree</key>
			<string>&lt;group&gt;</string>
		</dict>
		<key>251935AC083B1D6821C6D8B5</key>
		<dict>
			<key>buildActionMask</key>
			<string>2147483647</string>
			<key>files</key>
			<array/>
			<key>inputPaths</key>
			<array/>
			<key>isa</key>
			<string>PBXShellScriptBuildPhase</string>
			<key>name</key>
			<string>Check Pods Manifest.lock</string>
			<key>outputPaths</key>
			<array/>
			<key>runOnlyForDeploymentPostprocessing</key>
			<string>0</string>
			<key>shellPath</key>
			<string>/bin/sh</string>
			<key>shellScript</key>
			<string>diff "${PODS_ROOT}/../Podfile.lock" "${PODS_ROOT}/Manifest.lock" &gt; /dev/null
if [[ $? != 0 ]] ; then
    cat &lt;&lt; EOM
error: The sandbox is not in sync with the Podfile.lock. Run 'pod install' or update your CocoaPods installation.
EOM
    exit 1
fi
</string>
			<key>showEnvVarsInLog</key>
			<string>0</string>
		</dict>
		<key>336EFEA28DE2A0415D214E33</key>
		<dict>
			<key>includeInIndex</key>
			<string>1</string>
			<key>isa</key>
			<string>PBXFileReference</string>
			<key>lastKnownFileType</key>
			<string>text.xcconfig</string>
			<key>name</key>
			<string>Pods.release.xcconfig</string>
			<key>path</key>
			<string>Pods/Target Support Files/Pods/Pods.release.xcconfig</string>
			<key>sourceTree</key>
			<string>&lt;group&gt;</string>
		</dict>
		<key>33CA662D715DAE760F8C20C0</key>
		<dict>
			<key>buildActionMask</key>
			<string>2147483647</string>
			<key>files</key>
			<array/>
			<key>inputPaths</key>
			<array/>
			<key>isa</key>
			<string>PBXShellScriptBuildPhase</string>
			<key>name</key>
			<string>Copy Pods Resources</string>
			<key>outputPaths</key>
			<array/>
			<key>runOnlyForDeploymentPostprocessing</key>
			<string>0</string>
			<key>shellPath</key>
			<string>/bin/sh</string>
			<key>shellScript</key>
			<string>"${SRCROOT}/Pods/Target Support Files/Pods/Pods-resources.sh"
</string>
			<key>showEnvVarsInLog</key>
			<string>0</string>
		</dict>
		<key>453775F622585E17031853FD</key>
		<dict>
			<key>children</key>
			<array>
				<string>73C5D9F35434DE3834129E5F</string>
			</array>
			<key>isa</key>
			<string>PBXGroup</string>
			<key>name</key>
			<string>Frameworks</string>
			<key>sourceTree</key>
			<string>&lt;group&gt;</string>
		</dict>
		<key>5534C112EBFE1B38EE4BB122</key>
		<dict>
			<key>fileRef</key>
			<string>73C5D9F35434DE3834129E5F</string>
			<key>isa</key>
			<string>PBXBuildFile</string>
		</dict>
		<key>6115BA911A2C4B8C004C3948</key>
		<dict>
			<key>fileEncoding</key>
			<string>4</string>
			<key>isa</key>
			<string>PBXFileReference</string>
			<key>lastKnownFileType</key>
			<string>sourcecode.c.h</string>
			<key>path</key>
			<string>ArrayDataSource.h</string>
			<key>sourceTree</key>
			<string>&lt;group&gt;</string>
		</dict>
		<key>6115BA921A2C4B8C004C3948</key>
		<dict>
			<key>fileEncoding</key>
			<string>4</string>
			<key>isa</key>
			<string>PBXFileReference</string>
			<key>lastKnownFileType</key>
			<string>sourcecode.c.objc</string>
			<key>path</key>
			<string>ArrayDataSource.m</string>
			<key>sourceTree</key>
			<string>&lt;group&gt;</string>
		</dict>
		<key>6115BA931A2C4B8C004C3948</key>
		<dict>
			<key>fileRef</key>
			<string>6115BA921A2C4B8C004C3948</string>
			<key>isa</key>
			<string>PBXBuildFile</string>
		</dict>
		<key>6115BA941A2C53A9004C3948</key>
		<dict>
			<key>fileEncoding</key>
			<string>4</string>
			<key>isa</key>
			<string>PBXFileReference</string>
			<key>lastKnownFileType</key>
			<string>sourcecode.c.h</string>
			<key>path</key>
			<string>Song.h</string>
			<key>sourceTree</key>
			<string>&lt;group&gt;</string>
		</dict>
		<key>6115BA951A2C53A9004C3948</key>
		<dict>
			<key>fileEncoding</key>
			<string>4</string>
			<key>isa</key>
			<string>PBXFileReference</string>
			<key>lastKnownFileType</key>
			<string>sourcecode.c.objc</string>
			<key>path</key>
			<string>Song.m</string>
			<key>sourceTree</key>
			<string>&lt;group&gt;</string>
		</dict>
		<key>6115BA961A2C53A9004C3948</key>
		<dict>
			<key>fileRef</key>
			<string>6115BA951A2C53A9004C3948</string>
			<key>isa</key>
			<string>PBXBuildFile</string>
		</dict>
		<key>6115BA9B1A2C9659004C3948</key>
		<dict>
			<key>children</key>
			<array>
				<string>617570E81A25E23F003AF0A7</string>
				<string>617570E91A25E23F003AF0A7</string>
				<string>6115BA941A2C53A9004C3948</string>
				<string>6115BA951A2C53A9004C3948</string>
			</array>
			<key>isa</key>
			<string>PBXGroup</string>
			<key>name</key>
			<string>Models</string>
			<key>sourceTree</key>
			<string>&lt;group&gt;</string>
		</dict>
		<key>611F129D1A244FC4001FE5D9</key>
		<dict>
			<key>children</key>
			<array>
				<string>611F12A81A244FC4001FE5D9</string>
				<string>611F12C21A244FC4001FE5D9</string>
				<string>611F12A71A244FC4001FE5D9</string>
				<string>12FC760D7FD05265AF24B051</string>
				<string>453775F622585E17031853FD</string>
			</array>
			<key>isa</key>
			<string>PBXGroup</string>
			<key>sourceTree</key>
			<string>&lt;group&gt;</string>
		</dict>
		<key>611F129E1A244FC4001FE5D9</key>
		<dict>
			<key>attributes</key>
			<dict>
				<key>LastUpgradeCheck</key>
				<string>0610</string>
				<key>ORGANIZATIONNAME</key>
				<string>wangwangwar</string>
				<key>TargetAttributes</key>
				<dict>
					<key>611F12A51A244FC4001FE5D9</key>
					<dict>
						<key>CreatedOnToolsVersion</key>
						<string>6.1</string>
					</dict>
					<key>611F12BE1A244FC4001FE5D9</key>
					<dict>
						<key>CreatedOnToolsVersion</key>
						<string>6.1</string>
						<key>TestTargetID</key>
						<string>611F12A51A244FC4001FE5D9</string>
					</dict>
				</dict>
			</dict>
			<key>buildConfigurationList</key>
			<string>611F12A11A244FC4001FE5D9</string>
			<key>compatibilityVersion</key>
			<string>Xcode 3.2</string>
			<key>developmentRegion</key>
			<string>English</string>
			<key>hasScannedForEncodings</key>
			<string>0</string>
			<key>isa</key>
			<string>PBXProject</string>
			<key>knownRegions</key>
			<array>
				<string>en</string>
				<string>Base</string>
			</array>
			<key>mainGroup</key>
			<string>611F129D1A244FC4001FE5D9</string>
			<key>productRefGroup</key>
			<string>611F12A71A244FC4001FE5D9</string>
			<key>projectDirPath</key>
			<string></string>
			<key>projectReferences</key>
			<array/>
			<key>projectRoot</key>
			<string></string>
			<key>targets</key>
			<array>
				<string>611F12A51A244FC4001FE5D9</string>
				<string>611F12BE1A244FC4001FE5D9</string>
			</array>
		</dict>
		<key>611F12A11A244FC4001FE5D9</key>
		<dict>
			<key>buildConfigurations</key>
			<array>
				<string>611F12C71A244FC4001FE5D9</string>
				<string>611F12C81A244FC4001FE5D9</string>
			</array>
			<key>defaultConfigurationIsVisible</key>
			<string>0</string>
			<key>defaultConfigurationName</key>
			<string>Release</string>
			<key>isa</key>
			<string>XCConfigurationList</string>
		</dict>
		<key>611F12A21A244FC4001FE5D9</key>
		<dict>
			<key>buildActionMask</key>
			<string>2147483647</string>
			<key>files</key>
			<array>
				<string>6115BA961A2C53A9004C3948</string>
				<string>6115BA931A2C4B8C004C3948</string>
				<string>617570EF1A260098003AF0A7</string>
				<string>611F12AF1A244FC4001FE5D9</string>
				<string>617570EA1A25E23F003AF0A7</string>
				<string>611F12AC1A244FC4001FE5D9</string>
				<string>611F12DC1A2456BF001FE5D9</string>
				<string>611F12D21A24507E001FE5D9</string>
				<string>611F12E41A2466C5001FE5D9</string>
			</array>
			<key>isa</key>
			<string>PBXSourcesBuildPhase</string>
			<key>runOnlyForDeploymentPostprocessing</key>
			<string>0</string>
		</dict>
		<key>611F12A31A244FC4001FE5D9</key>
		<dict>
			<key>buildActionMask</key>
			<string>2147483647</string>
			<key>files</key>
			<array>
				<string>5534C112EBFE1B38EE4BB122</string>
			</array>
			<key>isa</key>
			<string>PBXFrameworksBuildPhase</string>
			<key>runOnlyForDeploymentPostprocessing</key>
			<string>0</string>
		</dict>
		<key>611F12A41A244FC4001FE5D9</key>
		<dict>
			<key>buildActionMask</key>
			<string>2147483647</string>
			<key>files</key>
			<array>
				<string>611F12BA1A244FC4001FE5D9</string>
				<string>611F12B71A244FC4001FE5D9</string>
				<string>611F12D31A24507E001FE5D9</string>
				<string>611F12D81A245654001FE5D9</string>
			</array>
			<key>isa</key>
			<string>PBXResourcesBuildPhase</string>
			<key>runOnlyForDeploymentPostprocessing</key>
			<string>0</string>
		</dict>
		<key>611F12A51A244FC4001FE5D9</key>
		<dict>
			<key>buildConfigurationList</key>
			<string>611F12C91A244FC4001FE5D9</string>
			<key>buildPhases</key>
			<array>
				<string>251935AC083B1D6821C6D8B5</string>
				<string>611F12A21A244FC4001FE5D9</string>
				<string>611F12A31A244FC4001FE5D9</string>
				<string>611F12A41A244FC4001FE5D9</string>
				<string>33CA662D715DAE760F8C20C0</string>
			</array>
			<key>buildRules</key>
			<array/>
			<key>dependencies</key>
			<array/>
			<key>isa</key>
			<string>PBXNativeTarget</string>
			<key>name</key>
			<string>DoubanFM</string>
			<key>productName</key>
			<string>DoubanFM</string>
			<key>productReference</key>
			<string>611F12A61A244FC4001FE5D9</string>
			<key>productType</key>
			<string>com.apple.product-type.application</string>
		</dict>
		<key>611F12A61A244FC4001FE5D9</key>
		<dict>
			<key>explicitFileType</key>
			<string>wrapper.application</string>
			<key>includeInIndex</key>
			<string>0</string>
			<key>isa</key>
			<string>PBXFileReference</string>
			<key>path</key>
			<string>DoubanFM.app</string>
			<key>sourceTree</key>
			<string>BUILT_PRODUCTS_DIR</string>
		</dict>
		<key>611F12A71A244FC4001FE5D9</key>
		<dict>
			<key>children</key>
			<array>
				<string>611F12A61A244FC4001FE5D9</string>
				<string>611F12BF1A244FC4001FE5D9</string>
			</array>
			<key>isa</key>
			<string>PBXGroup</string>
			<key>name</key>
			<string>Products</string>
			<key>sourceTree</key>
			<string>&lt;group&gt;</string>
		</dict>
		<key>611F12A81A244FC4001FE5D9</key>
		<dict>
			<key>children</key>
			<array>
				<string>6115BA9B1A2C9659004C3948</string>
				<string>617570E71A25E222003AF0A7</string>
				<string>617570E61A25E205003AF0A7</string>
				<string>617570E51A25E1E7003AF0A7</string>
				<string>611F12AD1A244FC4001FE5D9</string>
				<string>611F12AE1A244FC4001FE5D9</string>
				<string>611F12E21A2466C5001FE5D9</string>
				<string>611F12E31A2466C5001FE5D9</string>
				<string>611F12B61A244FC4001FE5D9</string>
				<string>611F12B81A244FC4001FE5D9</string>
				<string>611F12A91A244FC4001FE5D9</string>
			</array>
			<key>isa</key>
			<string>PBXGroup</string>
			<key>path</key>
			<string>DoubanFM</string>
			<key>sourceTree</key>
			<string>&lt;group&gt;</string>
		</dict>
		<key>611F12A91A244FC4001FE5D9</key>
		<dict>
			<key>children</key>
			<array>
				<string>611F12AA1A244FC4001FE5D9</string>
				<string>611F12AB1A244FC4001FE5D9</string>
			</array>
			<key>isa</key>
			<string>PBXGroup</string>
			<key>name</key>
			<string>Supporting Files</string>
			<key>sourceTree</key>
			<string>&lt;group&gt;</string>
		</dict>
		<key>611F12AA1A244FC4001FE5D9</key>
		<dict>
			<key>isa</key>
			<string>PBXFileReference</string>
			<key>lastKnownFileType</key>
			<string>text.plist.xml</string>
			<key>path</key>
			<string>Info.plist</string>
			<key>sourceTree</key>
			<string>&lt;group&gt;</string>
		</dict>
		<key>611F12AB1A244FC4001FE5D9</key>
		<dict>
			<key>isa</key>
			<string>PBXFileReference</string>
			<key>lastKnownFileType</key>
			<string>sourcecode.c.objc</string>
			<key>path</key>
			<string>main.m</string>
			<key>sourceTree</key>
			<string>&lt;group&gt;</string>
		</dict>
		<key>611F12AC1A244FC4001FE5D9</key>
		<dict>
			<key>fileRef</key>
			<string>611F12AB1A244FC4001FE5D9</string>
			<key>isa</key>
			<string>PBXBuildFile</string>
		</dict>
		<key>611F12AD1A244FC4001FE5D9</key>
		<dict>
			<key>isa</key>
			<string>PBXFileReference</string>
			<key>lastKnownFileType</key>
			<string>sourcecode.c.h</string>
			<key>path</key>
			<string>AppDelegate.h</string>
			<key>sourceTree</key>
			<string>&lt;group&gt;</string>
		</dict>
		<key>611F12AE1A244FC4001FE5D9</key>
		<dict>
			<key>isa</key>
			<string>PBXFileReference</string>
			<key>lastKnownFileType</key>
			<string>sourcecode.c.objc</string>
			<key>path</key>
			<string>AppDelegate.m</string>
			<key>sourceTree</key>
			<string>&lt;group&gt;</string>
		</dict>
		<key>611F12AF1A244FC4001FE5D9</key>
		<dict>
			<key>fileRef</key>
			<string>611F12AE1A244FC4001FE5D9</string>
			<key>isa</key>
			<string>PBXBuildFile</string>
		</dict>
		<key>611F12B61A244FC4001FE5D9</key>
		<dict>
			<key>isa</key>
			<string>PBXFileReference</string>
			<key>lastKnownFileType</key>
			<string>folder.assetcatalog</string>
			<key>path</key>
			<string>Images.xcassets</string>
			<key>sourceTree</key>
			<string>&lt;group&gt;</string>
		</dict>
		<key>611F12B71A244FC4001FE5D9</key>
		<dict>
			<key>fileRef</key>
			<string>611F12B61A244FC4001FE5D9</string>
			<key>isa</key>
			<string>PBXBuildFile</string>
		</dict>
		<key>611F12B81A244FC4001FE5D9</key>
		<dict>
			<key>children</key>
			<array>
				<string>611F12B91A244FC4001FE5D9</string>
			</array>
			<key>isa</key>
			<string>PBXVariantGroup</string>
			<key>name</key>
			<string>LaunchScreen.xib</string>
			<key>sourceTree</key>
			<string>&lt;group&gt;</string>
		</dict>
		<key>611F12B91A244FC4001FE5D9</key>
		<dict>
			<key>isa</key>
			<string>PBXFileReference</string>
			<key>lastKnownFileType</key>
			<string>file.xib</string>
			<key>name</key>
			<string>Base</string>
			<key>path</key>
			<string>Base.lproj/LaunchScreen.xib</string>
			<key>sourceTree</key>
			<string>&lt;group&gt;</string>
		</dict>
		<key>611F12BA1A244FC4001FE5D9</key>
		<dict>
			<key>fileRef</key>
			<string>611F12B81A244FC4001FE5D9</string>
			<key>isa</key>
			<string>PBXBuildFile</string>
		</dict>
		<key>611F12BB1A244FC4001FE5D9</key>
		<dict>
			<key>buildActionMask</key>
			<string>2147483647</string>
			<key>files</key>
			<array>
				<string>611F12C61A244FC4001FE5D9</string>
			</array>
			<key>isa</key>
			<string>PBXSourcesBuildPhase</string>
			<key>runOnlyForDeploymentPostprocessing</key>
			<string>0</string>
		</dict>
		<key>611F12BC1A244FC4001FE5D9</key>
		<dict>
			<key>buildActionMask</key>
			<string>2147483647</string>
			<key>files</key>
			<array/>
			<key>isa</key>
			<string>PBXFrameworksBuildPhase</string>
			<key>runOnlyForDeploymentPostprocessing</key>
			<string>0</string>
		</dict>
		<key>611F12BD1A244FC4001FE5D9</key>
		<dict>
			<key>buildActionMask</key>
			<string>2147483647</string>
			<key>files</key>
			<array/>
			<key>isa</key>
			<string>PBXResourcesBuildPhase</string>
			<key>runOnlyForDeploymentPostprocessing</key>
			<string>0</string>
		</dict>
		<key>611F12BE1A244FC4001FE5D9</key>
		<dict>
			<key>buildConfigurationList</key>
			<string>611F12CC1A244FC4001FE5D9</string>
			<key>buildPhases</key>
			<array>
				<string>611F12BB1A244FC4001FE5D9</string>
				<string>611F12BC1A244FC4001FE5D9</string>
				<string>611F12BD1A244FC4001FE5D9</string>
			</array>
			<key>buildRules</key>
			<array/>
			<key>dependencies</key>
			<array>
				<string>611F12C11A244FC4001FE5D9</string>
			</array>
			<key>isa</key>
			<string>PBXNativeTarget</string>
			<key>name</key>
			<string>DoubanFMTests</string>
			<key>productName</key>
			<string>DoubanFMTests</string>
			<key>productReference</key>
			<string>611F12BF1A244FC4001FE5D9</string>
			<key>productType</key>
			<string>com.apple.product-type.bundle.unit-test</string>
		</dict>
		<key>611F12BF1A244FC4001FE5D9</key>
		<dict>
			<key>explicitFileType</key>
			<string>wrapper.cfbundle</string>
			<key>includeInIndex</key>
			<string>0</string>
			<key>isa</key>
			<string>PBXFileReference</string>
			<key>path</key>
			<string>DoubanFMTests.xctest</string>
			<key>sourceTree</key>
			<string>BUILT_PRODUCTS_DIR</string>
		</dict>
		<key>611F12C01A244FC4001FE5D9</key>
		<dict>
			<key>containerPortal</key>
			<string>611F129E1A244FC4001FE5D9</string>
			<key>isa</key>
			<string>PBXContainerItemProxy</string>
			<key>proxyType</key>
			<string>1</string>
			<key>remoteGlobalIDString</key>
			<string>611F12A51A244FC4001FE5D9</string>
			<key>remoteInfo</key>
			<string>DoubanFM</string>
		</dict>
		<key>611F12C11A244FC4001FE5D9</key>
		<dict>
			<key>isa</key>
			<string>PBXTargetDependency</string>
			<key>target</key>
			<string>611F12A51A244FC4001FE5D9</string>
			<key>targetProxy</key>
			<string>611F12C01A244FC4001FE5D9</string>
		</dict>
		<key>611F12C21A244FC4001FE5D9</key>
		<dict>
			<key>children</key>
			<array>
				<string>611F12C51A244FC4001FE5D9</string>
				<string>611F12C31A244FC4001FE5D9</string>
			</array>
			<key>isa</key>
			<string>PBXGroup</string>
			<key>path</key>
			<string>DoubanFMTests</string>
			<key>sourceTree</key>
			<string>&lt;group&gt;</string>
		</dict>
		<key>611F12C31A244FC4001FE5D9</key>
		<dict>
			<key>children</key>
			<array>
				<string>611F12C41A244FC4001FE5D9</string>
			</array>
			<key>isa</key>
			<string>PBXGroup</string>
			<key>name</key>
			<string>Supporting Files</string>
			<key>sourceTree</key>
			<string>&lt;group&gt;</string>
		</dict>
		<key>611F12C41A244FC4001FE5D9</key>
		<dict>
			<key>isa</key>
			<string>PBXFileReference</string>
			<key>lastKnownFileType</key>
			<string>text.plist.xml</string>
			<key>path</key>
			<string>Info.plist</string>
			<key>sourceTree</key>
			<string>&lt;group&gt;</string>
		</dict>
		<key>611F12C51A244FC4001FE5D9</key>
		<dict>
			<key>isa</key>
			<string>PBXFileReference</string>
			<key>lastKnownFileType</key>
			<string>sourcecode.c.objc</string>
			<key>path</key>
			<string>DoubanFMTests.m</string>
			<key>sourceTree</key>
			<string>&lt;group&gt;</string>
		</dict>
		<key>611F12C61A244FC4001FE5D9</key>
		<dict>
			<key>fileRef</key>
			<string>611F12C51A244FC4001FE5D9</string>
			<key>isa</key>
			<string>PBXBuildFile</string>
		</dict>
		<key>611F12C71A244FC4001FE5D9</key>
		<dict>
			<key>buildSettings</key>
			<dict>
				<key>ALWAYS_SEARCH_USER_PATHS</key>
				<string>NO</string>
				<key>CLANG_CXX_LANGUAGE_STANDARD</key>
				<string>gnu++0x</string>
				<key>CLANG_CXX_LIBRARY</key>
				<string>libc++</string>
				<key>CLANG_ENABLE_MODULES</key>
				<string>YES</string>
				<key>CLANG_ENABLE_OBJC_ARC</key>
				<string>YES</string>
				<key>CLANG_WARN_BOOL_CONVERSION</key>
				<string>YES</string>
				<key>CLANG_WARN_CONSTANT_CONVERSION</key>
				<string>YES</string>
				<key>CLANG_WARN_DIRECT_OBJC_ISA_USAGE</key>
				<string>YES_ERROR</string>
				<key>CLANG_WARN_EMPTY_BODY</key>
				<string>YES</string>
				<key>CLANG_WARN_ENUM_CONVERSION</key>
				<string>YES</string>
				<key>CLANG_WARN_INT_CONVERSION</key>
				<string>YES</string>
				<key>CLANG_WARN_OBJC_ROOT_CLASS</key>
				<string>YES_ERROR</string>
				<key>CLANG_WARN_UNREACHABLE_CODE</key>
				<string>YES</string>
				<key>CLANG_WARN__DUPLICATE_METHOD_MATCH</key>
				<string>YES</string>
				<key>CODE_SIGN_IDENTITY[sdk=iphoneos*]</key>
				<string>iPhone Developer</string>
				<key>COPY_PHASE_STRIP</key>
				<string>NO</string>
				<key>ENABLE_STRICT_OBJC_MSGSEND</key>
				<string>YES</string>
				<key>GCC_C_LANGUAGE_STANDARD</key>
				<string>gnu99</string>
				<key>GCC_DYNAMIC_NO_PIC</key>
				<string>NO</string>
				<key>GCC_OPTIMIZATION_LEVEL</key>
				<string>0</string>
				<key>GCC_PREPROCESSOR_DEFINITIONS</key>
				<array>
					<string>DEBUG=1</string>
					<string>$(inherited)</string>
				</array>
				<key>GCC_SYMBOLS_PRIVATE_EXTERN</key>
				<string>NO</string>
				<key>GCC_WARN_64_TO_32_BIT_CONVERSION</key>
				<string>YES</string>
				<key>GCC_WARN_ABOUT_RETURN_TYPE</key>
				<string>YES_ERROR</string>
				<key>GCC_WARN_UNDECLARED_SELECTOR</key>
				<string>YES</string>
				<key>GCC_WARN_UNINITIALIZED_AUTOS</key>
				<string>YES_AGGRESSIVE</string>
				<key>GCC_WARN_UNUSED_FUNCTION</key>
				<string>YES</string>
				<key>GCC_WARN_UNUSED_VARIABLE</key>
				<string>YES</string>
				<key>IPHONEOS_DEPLOYMENT_TARGET</key>
				<string>8.1</string>
				<key>MTL_ENABLE_DEBUG_INFO</key>
				<string>YES</string>
				<key>ONLY_ACTIVE_ARCH</key>
				<string>YES</string>
				<key>SDKROOT</key>
				<string>iphoneos</string>
			</dict>
			<key>isa</key>
			<string>XCBuildConfiguration</string>
			<key>name</key>
			<string>Debug</string>
		</dict>
		<key>611F12C81A244FC4001FE5D9</key>
		<dict>
			<key>buildSettings</key>
			<dict>
				<key>ALWAYS_SEARCH_USER_PATHS</key>
				<string>NO</string>
				<key>CLANG_CXX_LANGUAGE_STANDARD</key>
				<string>gnu++0x</string>
				<key>CLANG_CXX_LIBRARY</key>
				<string>libc++</string>
				<key>CLANG_ENABLE_MODULES</key>
				<string>YES</string>
				<key>CLANG_ENABLE_OBJC_ARC</key>
				<string>YES</string>
				<key>CLANG_WARN_BOOL_CONVERSION</key>
				<string>YES</string>
				<key>CLANG_WARN_CONSTANT_CONVERSION</key>
				<string>YES</string>
				<key>CLANG_WARN_DIRECT_OBJC_ISA_USAGE</key>
				<string>YES_ERROR</string>
				<key>CLANG_WARN_EMPTY_BODY</key>
				<string>YES</string>
				<key>CLANG_WARN_ENUM_CONVERSION</key>
				<string>YES</string>
				<key>CLANG_WARN_INT_CONVERSION</key>
				<string>YES</string>
				<key>CLANG_WARN_OBJC_ROOT_CLASS</key>
				<string>YES_ERROR</string>
				<key>CLANG_WARN_UNREACHABLE_CODE</key>
				<string>YES</string>
				<key>CLANG_WARN__DUPLICATE_METHOD_MATCH</key>
				<string>YES</string>
				<key>CODE_SIGN_IDENTITY[sdk=iphoneos*]</key>
				<string>iPhone Developer</string>
				<key>COPY_PHASE_STRIP</key>
				<string>YES</string>
				<key>ENABLE_NS_ASSERTIONS</key>
				<string>NO</string>
				<key>ENABLE_STRICT_OBJC_MSGSEND</key>
				<string>YES</string>
				<key>GCC_C_LANGUAGE_STANDARD</key>
				<string>gnu99</string>
				<key>GCC_WARN_64_TO_32_BIT_CONVERSION</key>
				<string>YES</string>
				<key>GCC_WARN_ABOUT_RETURN_TYPE</key>
				<string>YES_ERROR</string>
				<key>GCC_WARN_UNDECLARED_SELECTOR</key>
				<string>YES</string>
				<key>GCC_WARN_UNINITIALIZED_AUTOS</key>
				<string>YES_AGGRESSIVE</string>
				<key>GCC_WARN_UNUSED_FUNCTION</key>
				<string>YES</string>
				<key>GCC_WARN_UNUSED_VARIABLE</key>
				<string>YES</string>
				<key>IPHONEOS_DEPLOYMENT_TARGET</key>
				<string>8.1</string>
				<key>MTL_ENABLE_DEBUG_INFO</key>
				<string>NO</string>
				<key>SDKROOT</key>
				<string>iphoneos</string>
				<key>VALIDATE_PRODUCT</key>
				<string>YES</string>
			</dict>
			<key>isa</key>
			<string>XCBuildConfiguration</string>
			<key>name</key>
			<string>Release</string>
		</dict>
		<key>611F12C91A244FC4001FE5D9</key>
		<dict>
			<key>buildConfigurations</key>
			<array>
				<string>611F12CA1A244FC4001FE5D9</string>
				<string>611F12CB1A244FC4001FE5D9</string>
			</array>
			<key>defaultConfigurationIsVisible</key>
			<string>0</string>
			<key>defaultConfigurationName</key>
			<string>Release</string>
			<key>isa</key>
			<string>XCConfigurationList</string>
		</dict>
		<key>611F12CA1A244FC4001FE5D9</key>
		<dict>
			<key>baseConfigurationReference</key>
			<string>9B2F7158398F5FADBC644551</string>
			<key>buildSettings</key>
			<dict>
				<key>ASSETCATALOG_COMPILER_APPICON_NAME</key>
				<string>AppIcon</string>
				<key>INFOPLIST_FILE</key>
				<string>DoubanFM/Info.plist</string>
				<key>LD_RUNPATH_SEARCH_PATHS</key>
				<string>$(inherited) @executable_path/Frameworks</string>
				<key>PRODUCT_NAME</key>
				<string>$(TARGET_NAME)</string>
			</dict>
			<key>isa</key>
			<string>XCBuildConfiguration</string>
			<key>name</key>
			<string>Debug</string>
		</dict>
		<key>611F12CB1A244FC4001FE5D9</key>
		<dict>
			<key>baseConfigurationReference</key>
			<string>336EFEA28DE2A0415D214E33</string>
			<key>buildSettings</key>
			<dict>
				<key>ASSETCATALOG_COMPILER_APPICON_NAME</key>
				<string>AppIcon</string>
				<key>INFOPLIST_FILE</key>
				<string>DoubanFM/Info.plist</string>
				<key>LD_RUNPATH_SEARCH_PATHS</key>
				<string>$(inherited) @executable_path/Frameworks</string>
				<key>PRODUCT_NAME</key>
				<string>$(TARGET_NAME)</string>
			</dict>
			<key>isa</key>
			<string>XCBuildConfiguration</string>
			<key>name</key>
			<string>Release</string>
		</dict>
		<key>611F12CC1A244FC4001FE5D9</key>
		<dict>
			<key>buildConfigurations</key>
			<array>
				<string>611F12CD1A244FC4001FE5D9</string>
				<string>611F12CE1A244FC4001FE5D9</string>
			</array>
			<key>defaultConfigurationIsVisible</key>
			<string>0</string>
			<key>defaultConfigurationName</key>
			<string>Release</string>
			<key>isa</key>
			<string>XCConfigurationList</string>
		</dict>
		<key>611F12CD1A244FC4001FE5D9</key>
		<dict>
			<key>buildSettings</key>
			<dict>
				<key>BUNDLE_LOADER</key>
				<string>$(TEST_HOST)</string>
				<key>FRAMEWORK_SEARCH_PATHS</key>
				<array>
					<string>$(SDKROOT)/Developer/Library/Frameworks</string>
					<string>$(inherited)</string>
				</array>
				<key>GCC_PREPROCESSOR_DEFINITIONS</key>
				<array>
					<string>DEBUG=1</string>
					<string>$(inherited)</string>
				</array>
				<key>INFOPLIST_FILE</key>
				<string>DoubanFMTests/Info.plist</string>
				<key>LD_RUNPATH_SEARCH_PATHS</key>
				<string>$(inherited) @executable_path/Frameworks @loader_path/Frameworks</string>
				<key>PRODUCT_NAME</key>
				<string>$(TARGET_NAME)</string>
				<key>TEST_HOST</key>
				<string>$(BUILT_PRODUCTS_DIR)/DoubanFM.app/DoubanFM</string>
			</dict>
			<key>isa</key>
			<string>XCBuildConfiguration</string>
			<key>name</key>
			<string>Debug</string>
		</dict>
		<key>611F12CE1A244FC4001FE5D9</key>
		<dict>
			<key>buildSettings</key>
			<dict>
				<key>BUNDLE_LOADER</key>
				<string>$(TEST_HOST)</string>
				<key>FRAMEWORK_SEARCH_PATHS</key>
				<array>
					<string>$(SDKROOT)/Developer/Library/Frameworks</string>
					<string>$(inherited)</string>
				</array>
				<key>INFOPLIST_FILE</key>
				<string>DoubanFMTests/Info.plist</string>
				<key>LD_RUNPATH_SEARCH_PATHS</key>
				<string>$(inherited) @executable_path/Frameworks @loader_path/Frameworks</string>
				<key>PRODUCT_NAME</key>
				<string>$(TARGET_NAME)</string>
				<key>TEST_HOST</key>
				<string>$(BUILT_PRODUCTS_DIR)/DoubanFM.app/DoubanFM</string>
			</dict>
			<key>isa</key>
			<string>XCBuildConfiguration</string>
			<key>name</key>
			<string>Release</string>
		</dict>
		<key>611F12CF1A24507E001FE5D9</key>
		<dict>
			<key>fileEncoding</key>
			<string>4</string>
			<key>isa</key>
			<string>PBXFileReference</string>
			<key>lastKnownFileType</key>
			<string>sourcecode.c.h</string>
			<key>path</key>
			<string>MainViewController.h</string>
			<key>sourceTree</key>
			<string>&lt;group&gt;</string>
		</dict>
		<key>611F12D01A24507E001FE5D9</key>
		<dict>
			<key>fileEncoding</key>
			<string>4</string>
			<key>isa</key>
			<string>PBXFileReference</string>
			<key>lastKnownFileType</key>
			<string>sourcecode.c.objc</string>
			<key>path</key>
			<string>MainViewController.m</string>
			<key>sourceTree</key>
			<string>&lt;group&gt;</string>
		</dict>
		<key>611F12D11A24507E001FE5D9</key>
		<dict>
			<key>fileEncoding</key>
			<string>4</string>
			<key>isa</key>
			<string>PBXFileReference</string>
			<key>lastKnownFileType</key>
			<string>file.xib</string>
			<key>path</key>
			<string>MainViewController.xib</string>
			<key>sourceTree</key>
			<string>&lt;group&gt;</string>
		</dict>
		<key>611F12D21A24507E001FE5D9</key>
		<dict>
			<key>fileRef</key>
			<string>611F12D01A24507E001FE5D9</string>
			<key>isa</key>
			<string>PBXBuildFile</string>
		</dict>
		<key>611F12D31A24507E001FE5D9</key>
		<dict>
			<key>fileRef</key>
			<string>611F12D11A24507E001FE5D9</string>
			<key>isa</key>
			<string>PBXBuildFile</string>
		</dict>
		<key>611F12D41A245654001FE5D9</key>
		<dict>
			<key>children</key>
			<array>
				<string>611F12D51A245654001FE5D9</string>
			</array>
			<key>isa</key>
			<string>PBXVariantGroup</string>
			<key>name</key>
			<string>Main.storyboard</string>
			<key>path</key>
			<string>..</string>
			<key>sourceTree</key>
			<string>&lt;group&gt;</string>
		</dict>
		<key>611F12D51A245654001FE5D9</key>
		<dict>
			<key>isa</key>
			<string>PBXFileReference</string>
			<key>lastKnownFileType</key>
			<string>file.storyboard</string>
			<key>name</key>
			<string>Base</string>
			<key>path</key>
			<string>DoubanFM/Base.lproj/Main.storyboard</string>
			<key>sourceTree</key>
			<string>&lt;group&gt;</string>
		</dict>
		<key>611F12D81A245654001FE5D9</key>
		<dict>
			<key>fileRef</key>
			<string>611F12D41A245654001FE5D9</string>
			<key>isa</key>
			<string>PBXBuildFile</string>
		</dict>
		<key>611F12DA1A2456BF001FE5D9</key>
		<dict>
			<key>fileEncoding</key>
			<string>4</string>
			<key>isa</key>
			<string>PBXFileReference</string>
			<key>lastKnownFileType</key>
			<string>sourcecode.c.h</string>
			<key>path</key>
			<string>ViewController.h</string>
			<key>sourceTree</key>
			<string>&lt;group&gt;</string>
		</dict>
		<key>611F12DB1A2456BF001FE5D9</key>
		<dict>
			<key>fileEncoding</key>
			<string>4</string>
			<key>isa</key>
			<string>PBXFileReference</string>
			<key>lastKnownFileType</key>
			<string>sourcecode.c.objc</string>
			<key>path</key>
			<string>ViewController.m</string>
			<key>sourceTree</key>
			<string>&lt;group&gt;</string>
		</dict>
		<key>611F12DC1A2456BF001FE5D9</key>
		<dict>
			<key>fileRef</key>
			<string>611F12DB1A2456BF001FE5D9</string>
			<key>isa</key>
			<string>PBXBuildFile</string>
		</dict>
		<key>611F12E21A2466C5001FE5D9</key>
		<dict>
			<key>fileEncoding</key>
			<string>4</string>
			<key>isa</key>
			<string>PBXFileReference</string>
			<key>lastKnownFileType</key>
			<string>sourcecode.c.h</string>
			<key>path</key>
			<string>ChannelsTableDataSource.h</string>
			<key>sourceTree</key>
			<string>&lt;group&gt;</string>
		</dict>
		<key>611F12E31A2466C5001FE5D9</key>
		<dict>
			<key>fileEncoding</key>
			<string>4</string>
			<key>isa</key>
			<string>PBXFileReference</string>
			<key>lastKnownFileType</key>
			<string>sourcecode.c.objc</string>
			<key>path</key>
			<string>ChannelsTableDataSource.m</string>
			<key>sourceTree</key>
			<string>&lt;group&gt;</string>
		</dict>
		<key>611F12E41A2466C5001FE5D9</key>
		<dict>
			<key>fileRef</key>
			<string>611F12E31A2466C5001FE5D9</string>
			<key>isa</key>
			<string>PBXBuildFile</string>
		</dict>
		<key>617570E51A25E1E7003AF0A7</key>
		<dict>
			<key>children</key>
			<array>
				<string>617570EC1A25F970003AF0A7</string>
				<string>617570EB1A25F93C003AF0A7</string>
			</array>
			<key>isa</key>
			<string>PBXGroup</string>
			<key>name</key>
			<string>Controllers</string>
			<key>sourceTree</key>
			<string>&lt;group&gt;</string>
		</dict>
		<key>617570E61A25E205003AF0A7</key>
		<dict>
			<key>children</key>
			<array>
				<string>6115BA911A2C4B8C004C3948</string>
				<string>6115BA921A2C4B8C004C3948</string>
			</array>
			<key>isa</key>
			<string>PBXGroup</string>
			<key>name</key>
			<string>DataSources</string>
			<key>sourceTree</key>
			<string>&lt;group&gt;</string>
		</dict>
		<key>617570E71A25E222003AF0A7</key>
		<dict>
			<key>children</key>
			<array>
				<string>617570ED1A260098003AF0A7</string>
				<string>617570EE1A260098003AF0A7</string>
			</array>
			<key>isa</key>
			<string>PBXGroup</string>
			<key>name</key>
			<string>Utils</string>
			<key>sourceTree</key>
			<string>&lt;group&gt;</string>
		</dict>
		<key>617570E81A25E23F003AF0A7</key>
		<dict>
			<key>fileEncoding</key>
			<string>4</string>
			<key>isa</key>
			<string>PBXFileReference</string>
			<key>lastKnownFileType</key>
			<string>sourcecode.c.h</string>
			<key>path</key>
			<string>ImageStore.h</string>
			<key>sourceTree</key>
			<string>&lt;group&gt;</string>
		</dict>
		<key>617570E91A25E23F003AF0A7</key>
		<dict>
			<key>fileEncoding</key>
			<string>4</string>
			<key>isa</key>
			<string>PBXFileReference</string>
			<key>lastKnownFileType</key>
			<string>sourcecode.c.objc</string>
			<key>path</key>
			<string>ImageStore.m</string>
			<key>sourceTree</key>
			<string>&lt;group&gt;</string>
		</dict>
		<key>617570EA1A25E23F003AF0A7</key>
		<dict>
			<key>fileRef</key>
			<string>617570E91A25E23F003AF0A7</string>
			<key>isa</key>
			<string>PBXBuildFile</string>
		</dict>
		<key>617570EB1A25F93C003AF0A7</key>
		<dict>
			<key>children</key>
			<array>
				<string>611F12D11A24507E001FE5D9</string>
				<string>611F12CF1A24507E001FE5D9</string>
				<string>611F12D01A24507E001FE5D9</string>
			</array>
			<key>isa</key>
			<string>PBXGroup</string>
			<key>name</key>
			<string>MainViewController</string>
			<key>sourceTree</key>
			<string>&lt;group&gt;</string>
		</dict>
		<key>617570EC1A25F970003AF0A7</key>
		<dict>
			<key>children</key>
			<array>
				<string>611F12DA1A2456BF001FE5D9</string>
				<string>611F12DB1A2456BF001FE5D9</string>
				<string>611F12D41A245654001FE5D9</string>
			</array>
			<key>isa</key>
			<string>PBXGroup</string>
			<key>name</key>
			<string>NoUse</string>
			<key>sourceTree</key>
			<string>&lt;group&gt;</string>
		</dict>
		<key>617570ED1A260098003AF0A7</key>
		<dict>
			<key>fileEncoding</key>
			<string>4</string>
			<key>isa</key>
			<string>PBXFileReference</string>
			<key>lastKnownFileType</key>
			<string>sourcecode.c.h</string>
			<key>path</key>
			<string>Time.h</string>
			<key>sourceTree</key>
			<string>&lt;group&gt;</string>
		</dict>
		<key>617570EE1A260098003AF0A7</key>
		<dict>
			<key>fileEncoding</key>
			<string>4</string>
			<key>isa</key>
			<string>PBXFileReference</string>
			<key>lastKnownFileType</key>
			<string>sourcecode.c.objc</string>
			<key>path</key>
			<string>Time.m</string>
			<key>sourceTree</key>
			<string>&lt;group&gt;</string>
		</dict>
		<key>617570EF1A260098003AF0A7</key>
		<dict>
			<key>fileRef</key>
			<string>617570EE1A260098003AF0A7</string>
			<key>isa</key>
			<string>PBXBuildFile</string>
		</dict>
		<key>73C5D9F35434DE3834129E5F</key>
		<dict>
			<key>explicitFileType</key>
			<string>archive.ar</string>
			<key>includeInIndex</key>
			<string>0</string>
			<key>isa</key>
			<string>PBXFileReference</string>
			<key>path</key>
			<string>libPods.a</string>
			<key>sourceTree</key>
			<string>BUILT_PRODUCTS_DIR</string>
		</dict>
		<key>9B2F7158398F5FADBC644551</key>
		<dict>
			<key>includeInIndex</key>
			<string>1</string>
			<key>isa</key>
			<string>PBXFileReference</string>
			<key>lastKnownFileType</key>
			<string>text.xcconfig</string>
			<key>name</key>
			<string>Pods.debug.xcconfig</string>
			<key>path</key>
			<string>Pods/Target Support Files/Pods/Pods.debug.xcconfig</string>
			<key>sourceTree</key>
			<string>&lt;group&gt;</string>
		</dict>
	</dict>
	<key>rootObject</key>
	<string>611F129E1A244FC4001FE5D9</string>
</dict>
</plist>
